
Microsoft Visual Studio Solution File, Format Version 12.00
# Visual Studio Version 17
VisualStudioVersion = 17.11.35219.272
MinimumVisualStudioVersion = 10.0.40219.1
Project("{FAE04EC0-301F-11D3-BF4B-00C04F79EFBC}") = "MyPortfolioUdemy", "MyPortfolioUdemy\MyPortfolioUdemy.csproj", "{31DB0B01-40D4-4556-83B6-1063FBD80D26}"
EndProject
Global
	GlobalSection(SolutionConfigurationPlatforms) = preSolution
		Debug|Any CPU = Debug|Any CPU
		Release|Any CPU = Release|Any CPU
	EndGlobalSection
	GlobalSection(ProjectConfigurationPlatforms) = postSolution
		{31DB0B01-40D4-4556-83B6-1063FBD80D26}.Debug|Any CPU.ActiveCfg = Debug|Any CPU
		{31DB0B01-40D4-4556-83B6-1063FBD80D26}.Debug|Any CPU.Build.0 = Debug|Any CPU
		{31DB0B01-40D4-4556-83B6-1063FBD80D26}.Release|Any CPU.ActiveCfg = Release|Any CPU
		{31DB0B01-40D4-4556-83B6-1063FBD80D26}.Release|Any CPU.Build.0 = Release|Any CPU
	EndGlobalSection
	GlobalSection(SolutionProperties) = preSolution
		HideSolutionNode = FALSE
	EndGlobalSection
	GlobalSection(ExtensibilityGlobals) = postSolution
		SolutionGuid = {1F4C5B67-42B0-4AF4-B1C5-01EEBCD56A69}
	EndGlobalSection
EndGlobal
